{
  "nodes": {
    "nixpkgs": {
      "locked": {
        "lastModified": 1712514290,
        "narHash": "sha256-Uvy+mgMdqRhuazAXwMQHVELi+yPGNj6+VTppWTurxRE=",
        "owner": "NixOS",
        "repo": "nixpkgs",
        "rev": "274e6aa01f2c2266e1cd8debdb82863cd83e2ff7",
        "type": "github"
      },
      "original": {
        "owner": "NixOS",
        "repo": "nixpkgs",
        "type": "github"
      }
    },
    "root": {
      "inputs": {
        "nixpkgs": "nixpkgs"
      }
    }
  },
  "root": "root",
  "version": 7
}
